// !$*UTF8*$!
{
	archiveVersion = 1;
	classes = {
	};
	objectVersion = 46;
	objects = {

/* Begin PBXBuildFile section */
		13E0A58B1BD3F35B005E8394 /* utilityFunctions.cpp in Sources */ = {isa = PBXBuildFile; fileRef = 13E0A5891BD3F35B005E8394 /* utilityFunctions.cpp */; settings = {ASSET_TAGS = (); }; };
		13E0A58E1BD3F4F7005E8394 /* Tester.cpp in Sources */ = {isa = PBXBuildFile; fileRef = 13E0A58D1BD3F4F7005E8394 /* Tester.cpp */; settings = {ASSET_TAGS = (); }; };
		13E4EC7B1BD05662004DBAF2 /* main.cpp in Sources */ = {isa = PBXBuildFile; fileRef = 13E4EC7A1BD05662004DBAF2 /* main.cpp */; };
/* End PBXBuildFile section */

/* Begin PBXCopyFilesBuildPhase section */
		13E4EC751BD05662004DBAF2 /* CopyFiles */ = {
			isa = PBXCopyFilesBuildPhase;
			buildActionMask = 2147483647;
			dstPath = /usr/share/man/man1/;
			dstSubfolderSpec = 0;
			files = (
			);
			runOnlyForDeploymentPostprocessing = 1;
		};
/* End PBXCopyFilesBuildPhase section */

/* Begin PBXFileReference section */
		13E0A5891BD3F35B005E8394 /* utilityFunctions.cpp */ = {isa = PBXFileReference; fileEncoding = 4; lastKnownFileType = sourcecode.cpp.cpp; path = utilityFunctions.cpp; sourceTree = "<group>"; };
		13E0A58A1BD3F35B005E8394 /* utilityFunctions.h */ = {isa = PBXFileReference; fileEncoding = 4; lastKnownFileType = sourcecode.c.h; path = utilityFunctions.h; sourceTree = "<group>"; };
		13E0A58C1BD3F4C3005E8394 /* Tester.h */ = {isa = PBXFileReference; lastKnownFileType = sourcecode.c.h; path = Tester.h; sourceTree = "<group>"; };
		13E0A58D1BD3F4F7005E8394 /* Tester.cpp */ = {isa = PBXFileReference; fileEncoding = 4; lastKnownFileType = sourcecode.cpp.cpp; path = Tester.cpp; sourceTree = "<group>"; };
		13E4EC771BD05662004DBAF2 /* ECE5723-HW3 */ = {isa = PBXFileReference; explicitFileType = "compiled.mach-o.executable"; includeInIndex = 0; path = "ECE5723-HW3"; sourceTree = BUILT_PRODUCTS_DIR; };
		13E4EC7A1BD05662004DBAF2 /* main.cpp */ = {isa = PBXFileReference; lastKnownFileType = sourcecode.cpp.cpp; path = main.cpp; sourceTree = "<group>"; };
/* End PBXFileReference section */

/* Begin PBXFrameworksBuildPhase section */
		13E4EC741BD05662004DBAF2 /* Frameworks */ = {
			isa = PBXFrameworksBuildPhase;
			buildActionMask = 2147483647;
			files = (
			);
			runOnlyForDeploymentPostprocessing = 0;
		};
/* End PBXFrameworksBuildPhase section */

/* Begin PBXGroup section */
		13E4EC6E1BD05662004DBAF2 = {
			isa = PBXGroup;
			children = (
				13E4EC791BD05662004DBAF2 /* ECE5723-HW3 */,
				13E4EC781BD05662004DBAF2 /* Products */,
			);
			sourceTree = "<group>";
		};
		13E4EC781BD05662004DBAF2 /* Products */ = {
			isa = PBXGroup;
			children = (
				13E4EC771BD05662004DBAF2 /* ECE5723-HW3 */,
			);
			name = Products;
			sourceTree = "<group>";
		};
		13E4EC791BD05662004DBAF2 /* ECE5723-HW3 */ = {
			isa = PBXGroup;
			children = (
				13E0A5891BD3F35B005E8394 /* utilityFunctions.cpp */,
				13E0A58A1BD3F35B005E8394 /* utilityFunctions.h */,
				13E4EC7A1BD05662004DBAF2 /* main.cpp */,
				13E0A58C1BD3F4C3005E8394 /* Tester.h */,
				13E0A58D1BD3F4F7005E8394 /* Tester.cpp */,
			);
			path = "ECE5723-HW3";
			sourceTree = "<group>";
		};
/* End PBXGroup section */

/* Begin PBXNativeTarget section */
		13E4EC761BD05662004DBAF2 /* ECE5723-HW3 */ = {
			isa = PBXNativeTarget;
			buildConfigurationList = 13E4EC7E1BD05662004DBAF2 /* Build configuration list for PBXNativeTarget "ECE5723-HW3" */;
			buildPhases = (
				13E4EC731BD05662004DBAF2 /* Sources */,
				13E4EC741BD05662004DBAF2 /* Frameworks */,
				13E4EC751BD05662004DBAF2 /* CopyFiles */,
			);
			buildRules = (
			);
			dependencies = (
			);
			name = "ECE5723-HW3";
			productName = "ECE5723-HW3";
			productReference = 13E4EC771BD05662004DBAF2 /* ECE5723-HW3 */;
			productType = "com.apple.product-type.tool";
		};
/* End PBXNativeTarget section */

/* Begin PBXProject section */
		13E4EC6F1BD05662004DBAF2 /* Project object */ = {
			isa = PBXProject;
			attributes = {
				LastUpgradeCheck = 0700;
				ORGANIZATIONNAME = "Richard Walker";
				TargetAttributes = {
					13E4EC761BD05662004DBAF2 = {
						CreatedOnToolsVersion = 7.0.1;
					};
				};
			};
			buildConfigurationList = 13E4EC721BD05662004DBAF2 /* Build configuration list for PBXProject "ECE5723-HW3" */;
			compatibilityVersion = "Xcode 3.2";
			developmentRegion = English;
			hasScannedForEncodings = 0;
			knownRegions = (
				en,
			);
			mainGroup = 13E4EC6E1BD05662004DBAF2;
			productRefGroup = 13E4EC781BD05662004DBAF2 /* Products */;
			projectDirPath = "";
			projectRoot = "";
			targets = (
				13E4EC761BD05662004DBAF2 /* ECE5723-HW3 */,
			);
		};
/* End PBXProject section */

/* Begin PBXSourcesBuildPhase section */
		13E4EC731BD05662004DBAF2 /* Sources */ = {
			isa = PBXSourcesBuildPhase;
			buildActionMask = 2147483647;
			files = (
				13E0A58B1BD3F35B005E8394 /* utilityFunctions.cpp in Sources */,
				13E4EC7B1BD05662004DBAF2 /* main.cpp in Sources */,
				13E0A58E1BD3F4F7005E8394 /* Tester.cpp in Sources */,
			);
			runOnlyForDeploymentPostprocessing = 0;
		};
/* End PBXSourcesBuildPhase section */

/* Begin XCBuildConfiguration section */
		13E4EC7C1BD05662004DBAF2 /* Debug */ = {
			isa = XCBuildConfiguration;
			buildSettings = {
				ALWAYS_SEARCH_USER_PATHS = NO;
				CLANG_CXX_LANGUAGE_STANDARD = "gnu++0x";
				CLANG_CXX_LIBRARY = "libc++";
				CLANG_ENABLE_MODULES = YES;
				CLANG_ENABLE_OBJC_ARC = YES;
				CLANG_WARN_BOOL_CONVERSION = YES;
				CLANG_WARN_CONSTANT_CONVERSION = YES;
				CLANG_WARN_DIRECT_OBJC_ISA_USAGE = YES_ERROR;
				CLANG_WARN_EMPTY_BODY = YES;
				CLANG_WARN_ENUM_CONVERSION = YES;
				CLANG_WARN_INT_CONVERSION = YES;
				CLANG_WARN_OBJC_ROOT_CLASS = YES_ERROR;
				CLANG_WARN_UNREACHABLE_CODE = YES;
				CLANG_WARN__DUPLICATE_METHOD_MATCH = YES;
				COPY_PHASE_STRIP = NO;
				DEBUG_INFORMATION_FORMAT = dwarf;
				ENABLE_STRICT_OBJC_MSGSEND = YES;
				ENABLE_TESTABILITY = YES;
				GCC_C_LANGUAGE_STANDARD = gnu99;
				GCC_DYNAMIC_NO_PIC = NO;
				GCC_NO_COMMON_BLOCKS = YES;
				GCC_OPTIMIZATION_LEVEL = 0;
				GCC_PREPROCESSOR_DEFINITIONS = (
					"DEBUG=1",
					"$(inherited)",
				);
				GCC_WARN_64_TO_32_BIT_CONVERSION = YES;
				GCC_WARN_ABOUT_RETURN_TYPE = YES_ERROR;
				GCC_WARN_UNDECLARED_SELECTOR = YES;
				GCC_WARN_UNINITIALIZED_AUTOS = YES_AGGRESSIVE;
				GCC_WARN_UNUSED_FUNCTION = YES;
				GCC_WARN_UNUSED_VARIABLE = YES;
				MACOSX_DEPLOYMENT_TARGET = 10.11;
				MTL_ENABLE_DEBUG_INFO = YES;
				ONLY_ACTIVE_ARCH = YES;
				SDKROOT = macosx;
			};
			name = Debug;
		};
		13E4EC7D1BD05662004DBAF2 /* Release */ = {
			isa = XCBuildConfiguration;
			buildSettings = {
				ALWAYS_SEARCH_USER_PATHS = NO;
				CLANG_CXX_LANGUAGE_STANDARD = "gnu++0x";
				CLANG_CXX_LIBRARY = "libc++";
				CLANG_ENABLE_MODULES = YES;
				CLANG_ENABLE_OBJC_ARC = YES;
				CLANG_WARN_BOOL_CONVERSION = YES;
				CLANG_WARN_CONSTANT_CONVERSION = YES;
				CLANG_WARN_DIRECT_OBJC_ISA_USAGE = YES_ERROR;
				CLANG_WARN_EMPTY_BODY = YES;
				CLANG_WARN_ENUM_CONVERSION = YES;
				CLANG_WARN_INT_CONVERSION = YES;
				CLANG_WARN_OBJC_ROOT_CLASS = YES_ERROR;
				CLANG_WARN_UNREACHABLE_CODE = YES;
				CLANG_WARN__DUPLICATE_METHOD_MATCH = YES;
				COPY_PHASE_STRIP = NO;
				DEBUG_INFORMATION_FORMAT = "dwarf-with-dsym";
				ENABLE_NS_ASSERTIONS = NO;
				ENABLE_STRICT_OBJC_MSGSEND = YES;
				GCC_C_LANGUAGE_STANDARD = gnu99;
				GCC_NO_COMMON_BLOCKS = YES;
				GCC_WARN_64_TO_32_BIT_CONVERSION = YES;
				GCC_WARN_ABOUT_RETURN_TYPE = YES_ERROR;
				GCC_WARN_UNDECLARED_SELECTOR = YES;
				GCC_WARN_UNINITIALIZED_AUTOS = YES_AGGRESSIVE;
				GCC_WARN_UNUSED_FUNCTION = YES;
				GCC_WARN_UNUSED_VARIABLE = YES;
				MACOSX_DEPLOYMENT_TARGET = 10.11;
				MTL_ENABLE_DEBUG_INFO = NO;
				SDKROOT = macosx;
			};
			name = Release;
		};
		13E4EC7F1BD05662004DBAF2 /* Debug */ = {
			isa = XCBuildConfiguration;
			buildSettings = {
				PRODUCT_NAME = "$(TARGET_NAME)";
			};
			name = Debug;
		};
		13E4EC801BD05662004DBAF2 /* Release */ = {
			isa = XCBuildConfiguration;
			buildSettings = {
				PRODUCT_NAME = "$(TARGET_NAME)";
			};
			name = Release;
		};
/* End XCBuildConfiguration section */

/* Begin XCConfigurationList section */
		13E4EC721BD05662004DBAF2 /* Build configuration list for PBXProject "ECE5723-HW3" */ = {
			isa = XCConfigurationList;
			buildConfigurations = (
				13E4EC7C1BD05662004DBAF2 /* Debug */,
				13E4EC7D1BD05662004DBAF2 /* Release */,
			);
			defaultConfigurationIsVisible = 0;
			defaultConfigurationName = Release;
		};
		13E4EC7E1BD05662004DBAF2 /* Build configuration list for PBXNativeTarget "ECE5723-HW3" */ = {
			isa = XCConfigurationList;
			buildConfigurations = (
				13E4EC7F1BD05662004DBAF2 /* Debug */,
				13E4EC801BD05662004DBAF2 /* Release */,
			);
			defaultConfigurationIsVisible = 0;
			defaultConfigurationName = Release;
		};
/* End XCConfigurationList section */
	};
	rootObject = 13E4EC6F1BD05662004DBAF2 /* Project object */;
}
